// !$*UTF8*$!
{
	archiveVersion = 1;
	classes = {
	};
	objectVersion = 46;
	objects = {

/* Begin PBXBuildFile section */
		361C46441EDFE60A00D24AEB /* main.m in Sources */ = {isa = PBXBuildFile; fileRef = 361C46431EDFE60A00D24AEB /* main.m */; };
		361C46471EDFE60A00D24AEB /* AppDelegate.m in Sources */ = {isa = PBXBuildFile; fileRef = 361C46461EDFE60A00D24AEB /* AppDelegate.m */; };
		361C464A1EDFE60A00D24AEB /* ViewController.m in Sources */ = {isa = PBXBuildFile; fileRef = 361C46491EDFE60A00D24AEB /* ViewController.m */; };
		361C464D1EDFE60A00D24AEB /* Main.storyboard in Resources */ = {isa = PBXBuildFile; fileRef = 361C464B1EDFE60A00D24AEB /* Main.storyboard */; };
		361C464F1EDFE60A00D24AEB /* Assets.xcassets in Resources */ = {isa = PBXBuildFile; fileRef = 361C464E1EDFE60A00D24AEB /* Assets.xcassets */; };
		361C46521EDFE60A00D24AEB /* LaunchScreen.storyboard in Resources */ = {isa = PBXBuildFile; fileRef = 361C46501EDFE60A00D24AEB /* LaunchScreen.storyboard */; };
/* End PBXBuildFile section */

/* Begin PBXFileReference section */
		361C463F1EDFE60A00D24AEB /* LeezentestDemo.app */ = {isa = PBXFileReference; explicitFileType = wrapper.application; includeInIndex = 0; path = LeezentestDemo.app; sourceTree = BUILT_PRODUCTS_DIR; };
		361C46431EDFE60A00D24AEB /* main.m */ = {isa = PBXFileReference; lastKnownFileType = sourcecode.c.objc; path = main.m; sourceTree = "<group>"; };
		361C46451EDFE60A00D24AEB /* AppDelegate.h */ = {isa = PBXFileReference; lastKnownFileType = sourcecode.c.h; path = AppDelegate.h; sourceTree = "<group>"; };
		361C46461EDFE60A00D24AEB /* AppDelegate.m */ = {isa = PBXFileReference; lastKnownFileType = sourcecode.c.objc; path = AppDelegate.m; sourceTree = "<group>"; };
		361C46481EDFE60A00D24AEB /* ViewController.h */ = {isa = PBXFileReference; lastKnownFileType = sourcecode.c.h; path = ViewController.h; sourceTree = "<group>"; };
		361C46491EDFE60A00D24AEB /* ViewController.m */ = {isa = PBXFileReference; lastKnownFileType = sourcecode.c.objc; path = ViewController.m; sourceTree = "<group>"; };
		361C464C1EDFE60A00D24AEB /* Base */ = {isa = PBXFileReference; lastKnownFileType = file.storyboard; name = Base; path = Base.lproj/Main.storyboard; sourceTree = "<group>"; };
		361C464E1EDFE60A00D24AEB /* Assets.xcassets */ = {isa = PBXFileReference; lastKnownFileType = folder.assetcatalog; path = Assets.xcassets; sourceTree = "<group>"; };
		361C46511EDFE60A00D24AEB /* Base */ = {isa = PBXFileReference; lastKnownFileType = file.storyboard; name = Base; path = Base.lproj/LaunchScreen.storyboard; sourceTree = "<group>"; };
		361C46531EDFE60A00D24AEB /* Info.plist */ = {isa = PBXFileReference; lastKnownFileType = text.plist.xml; path = Info.plist; sourceTree = "<group>"; };
/* End PBXFileReference section */

/* Begin PBXFrameworksBuildPhase section */
		361C463C1EDFE60A00D24AEB /* Frameworks */ = {
			isa = PBXFrameworksBuildPhase;
			buildActionMask = 2147483647;
			files = (
			);
			runOnlyForDeploymentPostprocessing = 0;
		};
/* End PBXFrameworksBuildPhase section */

/* Begin PBXGroup section */
		361C46361EDFE60A00D24AEB = {
			isa = PBXGroup;
			children = (
				361C46411EDFE60A00D24AEB /* LeezentestDemo */,
				361C46401EDFE60A00D24AEB /* Products */,
			);
			sourceTree = "<group>";
		};
		361C46401EDFE60A00D24AEB /* Products */ = {
			isa = PBXGroup;
			children = (
				361C463F1EDFE60A00D24AEB /* LeezentestDemo.app */,
			);
			name = Products;
			sourceTree = "<group>";
		};
		361C46411EDFE60A00D24AEB /* LeezentestDemo */ = {
			isa = PBXGroup;
			children = (
				361C46451EDFE60A00D24AEB /* AppDelegate.h */,
				361C46461EDFE60A00D24AEB /* AppDelegate.m */,
				361C46481EDFE60A00D24AEB /* ViewController.h */,
				361C46491EDFE60A00D24AEB /* ViewController.m */,
				361C464B1EDFE60A00D24AEB /* Main.storyboard */,
				361C464E1EDFE60A00D24AEB /* Assets.xcassets */,
				361C46501EDFE60A00D24AEB /* LaunchScreen.storyboard */,
				361C46531EDFE60A00D24AEB /* Info.plist */,
				361C46421EDFE60A00D24AEB /* Supporting Files */,
			);
			path = LeezentestDemo;
			sourceTree = "<group>";
		};
		361C46421EDFE60A00D24AEB /* Supporting Files */ = {
			isa = PBXGroup;
			children = (
				361C46431EDFE60A00D24AEB /* main.m */,
			);
			name = "Supporting Files";
			sourceTree = "<group>";
		};
/* End PBXGroup section */

/* Begin PBXNativeTarget section */
		361C463E1EDFE60A00D24AEB /* LeezentestDemo */ = {
			isa = PBXNativeTarget;
			buildConfigurationList = 361C46561EDFE60A00D24AEB /* Build configuration list for PBXNativeTarget "LeezentestDemo" */;
			buildPhases = (
				361C463B1EDFE60A00D24AEB /* Sources */,
				361C463C1EDFE60A00D24AEB /* Frameworks */,
				361C463D1EDFE60A00D24AEB /* Resources */,
			);
			buildRules = (
			);
			dependencies = (
			);
			name = LeezentestDemo;
			productName = LeezentestDemo;
			productReference = 361C463F1EDFE60A00D24AEB /* LeezentestDemo.app */;
			productType = "com.apple.product-type.application";
		};
/* End PBXNativeTarget section */

/* Begin PBXProject section */
		361C46371EDFE60A00D24AEB /* Project object */ = {
			isa = PBXProject;
			attributes = {
				LastUpgradeCheck = 0830;
				ORGANIZATIONNAME = com.leezentest;
				TargetAttributes = {
					361C463E1EDFE60A00D24AEB = {
						CreatedOnToolsVersion = 8.3;
						DevelopmentTeam = 56VWPAE4M9;
						ProvisioningStyle = Automatic;
					};
				};
			};
			buildConfigurationList = 361C463A1EDFE60A00D24AEB /* Build configuration list for PBXProject "LeezentestDemo" */;
			compatibilityVersion = "Xcode 3.2";
			developmentRegion = English;
			hasScannedForEncodings = 0;
			knownRegions = (
				en,
				Base,
			);
			mainGroup = 361C46361EDFE60A00D24AEB;
			productRefGroup = 361C46401EDFE60A00D24AEB /* Products */;
			projectDirPath = "";
			projectRoot = "";
			targets = (
				361C463E1EDFE60A00D24AEB /* LeezentestDemo */,
			);
		};
/* End PBXProject section */

/* Begin PBXResourcesBuildPhase section */
		361C463D1EDFE60A00D24AEB /* Resources */ = {
			isa = PBXResourcesBuildPhase;
			buildActionMask = 2147483647;
			files = (
				361C46521EDFE60A00D24AEB /* LaunchScreen.storyboard in Resources */,
				361C464F1EDFE60A00D24AEB /* Assets.xcassets in Resources */,
				361C464D1EDFE60A00D24AEB /* Main.storyboard in Resources */,
			);
			runOnlyForDeploymentPostprocessing = 0;
		};
/* End PBXResourcesBuildPhase section */

/* Begin PBXSourcesBuildPhase section */
		361C463B1EDFE60A00D24AEB /* Sources */ = {
			isa = PBXSourcesBuildPhase;
			buildActionMask = 2147483647;
			files = (
				361C464A1EDFE60A00D24AEB /* ViewController.m in Sources */,
				361C46471EDFE60A00D24AEB /* AppDelegate.m in Sources */,
				361C46441EDFE60A00D24AEB /* main.m in Sources */,
			);
			runOnlyForDeploymentPostprocessing = 0;
		};
/* End PBXSourcesBuildPhase section */

/* Begin PBXVariantGroup section */
		361C464B1EDFE60A00D24AEB /* Main.storyboard */ = {
			isa = PBXVariantGroup;
			children = (
				361C464C1EDFE60A00D24AEB /* Base */,
			);
			name = Main.storyboard;
			sourceTree = "<group>";
		};
		361C46501EDFE60A00D24AEB /* LaunchScreen.storyboard */ = {
			isa = PBXVariantGroup;
			children = (
				361C46511EDFE60A00D24AEB /* Base */,
			);
			name = LaunchScreen.storyboard;
			sourceTree = "<group>";
		};
/* End PBXVariantGroup section */

/* Begin XCBuildConfiguration section */
		361C46541EDFE60A00D24AEB /* Debug */ = {
			isa = XCBuildConfiguration;
			buildSettings = {
				ALWAYS_SEARCH_USER_PATHS = NO;
				CLANG_ANALYZER_NONNULL = YES;
				CLANG_ANALYZER_NUMBER_OBJECT_CONVERSION = YES_AGGRESSIVE;
				CLANG_CXX_LANGUAGE_STANDARD = "gnu++0x";
				CLANG_CXX_LIBRARY = "libc++";
				CLANG_ENABLE_MODULES = YES;
				CLANG_ENABLE_OBJC_ARC = YES;
				CLANG_WARN_BOOL_CONVERSION = YES;
				CLANG_WARN_CONSTANT_CONVERSION = YES;
				CLANG_WARN_DIRECT_OBJC_ISA_USAGE = YES_ERROR;
				CLANG_WARN_DOCUMENTATION_COMMENTS = YES;
				CLANG_WARN_EMPTY_BODY = YES;
				CLANG_WARN_ENUM_CONVERSION = YES;
				CLANG_WARN_INFINITE_RECURSION = YES;
				CLANG_WARN_INT_CONVERSION = YES;
				CLANG_WARN_OBJC_ROOT_CLASS = YES_ERROR;
				CLANG_WARN_SUSPICIOUS_MOVE = YES;
				CLANG_WARN_UNREACHABLE_CODE = YES;
				CLANG_WARN__DUPLICATE_METHOD_MATCH = YES;
				"CODE_SIGN_IDENTITY[sdk=iphoneos*]" = "iPhone Developer";
				COPY_PHASE_STRIP = NO;
				DEBUG_INFORMATION_FORMAT = dwarf;
				ENABLE_STRICT_OBJC_MSGSEND = YES;
				ENABLE_TESTABILITY = YES;
				GCC_C_LANGUAGE_STANDARD = gnu99;
				GCC_DYNAMIC_NO_PIC = NO;
				GCC_NO_COMMON_BLOCKS = YES;
				GCC_OPTIMIZATION_LEVEL = 0;
				GCC_PREPROCESSOR_DEFINITIONS = (
					"DEBUG=1",
					"$(inherited)",
				);
				GCC_WARN_64_TO_32_BIT_CONVERSION = YES;
				GCC_WARN_ABOUT_RETURN_TYPE = YES_ERROR;
				GCC_WARN_UNDECLARED_SELECTOR = YES;
				GCC_WARN_UNINITIALIZED_AUTOS = YES_AGGRESSIVE;
				GCC_WARN_UNUSED_FUNCTION = YES;
				GCC_WARN_UNUSED_VARIABLE = YES;
				IPHONEOS_DEPLOYMENT_TARGET = 10.3;
				MTL_ENABLE_DEBUG_INFO = YES;
				ONLY_ACTIVE_ARCH = YES;
				SDKROOT = iphoneos;
			};
			name = Debug;
		};
		361C46551EDFE60A00D24AEB /* Release */ = {
			isa = XCBuildConfiguration;
			buildSettings = {
				ALWAYS_SEARCH_USER_PATHS = NO;
				CLANG_ANALYZER_NONNULL = YES;
				CLANG_ANALYZER_NUMBER_OBJECT_CONVERSION = YES_AGGRESSIVE;
				CLANG_CXX_LANGUAGE_STANDARD = "gnu++0x";
				CLANG_CXX_LIBRARY = "libc++";
				CLANG_ENABLE_MODULES = YES;
				CLANG_ENABLE_OBJC_ARC = YES;
				CLANG_WARN_BOOL_CONVERSION = YES;
				CLANG_WARN_CONSTANT_CONVERSION = YES;
				CLANG_WARN_DIRECT_OBJC_ISA_USAGE = YES_ERROR;
				CLANG_WARN_DOCUMENTATION_COMMENTS = YES;
				CLANG_WARN_EMPTY_BODY = YES;
				CLANG_WARN_ENUM_CONVERSION = YES;
				CLANG_WARN_INFINITE_RECURSION = YES;
				CLANG_WARN_INT_CONVERSION = YES;
				CLANG_WARN_OBJC_ROOT_CLASS = YES_ERROR;
				CLANG_WARN_SUSPICIOUS_MOVE = YES;
				CLANG_WARN_UNREACHABLE_CODE = YES;
				CLANG_WARN__DUPLICATE_METHOD_MATCH = YES;
				"CODE_SIGN_IDENTITY[sdk=iphoneos*]" = "iPhone Developer";
				COPY_PHASE_STRIP = NO;
				DEBUG_INFORMATION_FORMAT = "dwarf-with-dsym";
				ENABLE_NS_ASSERTIONS = NO;
				ENABLE_STRICT_OBJC_MSGSEND = YES;
				GCC_C_LANGUAGE_STANDARD = gnu99;
				GCC_NO_COMMON_BLOCKS = YES;
				GCC_WARN_64_TO_32_BIT_CONVERSION = YES;
				GCC_WARN_ABOUT_RETURN_TYPE = YES_ERROR;
				GCC_WARN_UNDECLARED_SELECTOR = YES;
				GCC_WARN_UNINITIALIZED_AUTOS = YES_AGGRESSIVE;
				GCC_WARN_UNUSED_FUNCTION = YES;
				GCC_WARN_UNUSED_VARIABLE = YES;
				IPHONEOS_DEPLOYMENT_TARGET = 10.3;
				MTL_ENABLE_DEBUG_INFO = NO;
				SDKROOT = iphoneos;
				VALIDATE_PRODUCT = YES;
			};
			name = Release;
		};
		361C46571EDFE60A00D24AEB /* Debug */ = {
			isa = XCBuildConfiguration;
			buildSettings = {
				ASSETCATALOG_COMPILER_APPICON_NAME = AppIcon;
				DEVELOPMENT_TEAM = 56VWPAE4M9;
				INFOPLIST_FILE = LeezentestDemo/Info.plist;
				LD_RUNPATH_SEARCH_PATHS = "$(inherited) @executable_path/Frameworks";
				PRODUCT_BUNDLE_IDENTIFIER = com.leezentest.LeezentestDemo;
				PRODUCT_NAME = "$(TARGET_NAME)";
			};
			name = Debug;
		};
		361C46581EDFE60A00D24AEB /* Release */ = {
			isa = XCBuildConfiguration;
			buildSettings = {
				ASSETCATALOG_COMPILER_APPICON_NAME = AppIcon;
				DEVELOPMENT_TEAM = 56VWPAE4M9;
				INFOPLIST_FILE = LeezentestDemo/Info.plist;
				LD_RUNPATH_SEARCH_PATHS = "$(inherited) @executable_path/Frameworks";
				PRODUCT_BUNDLE_IDENTIFIER = com.leezentest.LeezentestDemo;
				PRODUCT_NAME = "$(TARGET_NAME)";
			};
			name = Release;
		};
/* End XCBuildConfiguration section */

/* Begin XCConfigurationList section */
		361C463A1EDFE60A00D24AEB /* Build configuration list for PBXProject "LeezentestDemo" */ = {
			isa = XCConfigurationList;
			buildConfigurations = (
				361C46541EDFE60A00D24AEB /* Debug */,
				361C46551EDFE60A00D24AEB /* Release */,
			);
			defaultConfigurationIsVisible = 0;
			defaultConfigurationName = Release;
		};
		361C46561EDFE60A00D24AEB /* Build configuration list for PBXNativeTarget "LeezentestDemo" */ = {
			isa = XCConfigurationList;
			buildConfigurations = (
				361C46571EDFE60A00D24AEB /* Debug */,
				361C46581EDFE60A00D24AEB /* Release */,
			);
			defaultConfigurationIsVisible = 0;
		};
/* End XCConfigurationList section */
	};
	rootObject = 361C46371EDFE60A00D24AEB /* Project object */;
}
